// !$*UTF8*$!
{
	archiveVersion = 1;
	classes = {
	};
	objectVersion = 46;
	objects = {

/* Begin PBXBuildFile section */
		37388EDF1EABAB31004519A4 /* AppDelegate.swift in Sources */ = {isa = PBXBuildFile; fileRef = 37388EDE1EABAB31004519A4 /* AppDelegate.swift */; };
		37388EE11EABAB31004519A4 /* ViewController.swift in Sources */ = {isa = PBXBuildFile; fileRef = 37388EE01EABAB31004519A4 /* ViewController.swift */; };
		37388EE41EABAB31004519A4 /* Main.storyboard in Resources */ = {isa = PBXBuildFile; fileRef = 37388EE21EABAB31004519A4 /* Main.storyboard */; };
		37388EE61EABAB31004519A4 /* Assets.xcassets in Resources */ = {isa = PBXBuildFile; fileRef = 37388EE51EABAB31004519A4 /* Assets.xcassets */; };
		37388EE91EABAB31004519A4 /* LaunchScreen.storyboard in Resources */ = {isa = PBXBuildFile; fileRef = 37388EE71EABAB31004519A4 /* LaunchScreen.storyboard */; };
/* End PBXBuildFile section */

/* Begin PBXFileReference section */
		37388EDB1EABAB31004519A4 /* swift-闭包.app */ = {isa = PBXFileReference; explicitFileType = wrapper.application; includeInIndex = 0; path = "swift-闭包.app"; sourceTree = BUILT_PRODUCTS_DIR; };
		37388EDE1EABAB31004519A4 /* AppDelegate.swift */ = {isa = PBXFileReference; lastKnownFileType = sourcecode.swift; path = AppDelegate.swift; sourceTree = "<group>"; };
		37388EE01EABAB31004519A4 /* ViewController.swift */ = {isa = PBXFileReference; lastKnownFileType = sourcecode.swift; path = ViewController.swift; sourceTree = "<group>"; };
		37388EE31EABAB31004519A4 /* Base */ = {isa = PBXFileReference; lastKnownFileType = file.storyboard; name = Base; path = Base.lproj/Main.storyboard; sourceTree = "<group>"; };
		37388EE51EABAB31004519A4 /* Assets.xcassets */ = {isa = PBXFileReference; lastKnownFileType = folder.assetcatalog; path = Assets.xcassets; sourceTree = "<group>"; };
		37388EE81EABAB31004519A4 /* Base */ = {isa = PBXFileReference; lastKnownFileType = file.storyboard; name = Base; path = Base.lproj/LaunchScreen.storyboard; sourceTree = "<group>"; };
		37388EEA1EABAB31004519A4 /* Info.plist */ = {isa = PBXFileReference; lastKnownFileType = text.plist.xml; path = Info.plist; sourceTree = "<group>"; };
/* End PBXFileReference section */

/* Begin PBXFrameworksBuildPhase section */
		37388ED81EABAB31004519A4 /* Frameworks */ = {
			isa = PBXFrameworksBuildPhase;
			buildActionMask = 2147483647;
			files = (
			);
			runOnlyForDeploymentPostprocessing = 0;
		};
/* End PBXFrameworksBuildPhase section */

/* Begin PBXGroup section */
		37388ED21EABAB31004519A4 = {
			isa = PBXGroup;
			children = (
				37388EDD1EABAB31004519A4 /* swift-闭包 */,
				37388EDC1EABAB31004519A4 /* Products */,
			);
			sourceTree = "<group>";
		};
		37388EDC1EABAB31004519A4 /* Products */ = {
			isa = PBXGroup;
			children = (
				37388EDB1EABAB31004519A4 /* swift-闭包.app */,
			);
			name = Products;
			sourceTree = "<group>";
		};
		37388EDD1EABAB31004519A4 /* swift-闭包 */ = {
			isa = PBXGroup;
			children = (
				37388EDE1EABAB31004519A4 /* AppDelegate.swift */,
				37388EE01EABAB31004519A4 /* ViewController.swift */,
				37388EE21EABAB31004519A4 /* Main.storyboard */,
				37388EE51EABAB31004519A4 /* Assets.xcassets */,
				37388EE71EABAB31004519A4 /* LaunchScreen.storyboard */,
				37388EEA1EABAB31004519A4 /* Info.plist */,
			);
			path = "swift-闭包";
			sourceTree = "<group>";
		};
/* End PBXGroup section */

/* Begin PBXNativeTarget section */
		37388EDA1EABAB31004519A4 /* swift-闭包 */ = {
			isa = PBXNativeTarget;
			buildConfigurationList = 37388EED1EABAB31004519A4 /* Build configuration list for PBXNativeTarget "swift-闭包" */;
			buildPhases = (
				37388ED71EABAB31004519A4 /* Sources */,
				37388ED81EABAB31004519A4 /* Frameworks */,
				37388ED91EABAB31004519A4 /* Resources */,
			);
			buildRules = (
			);
			dependencies = (
			);
			name = "swift-闭包";
			productName = "swift-闭包";
			productReference = 37388EDB1EABAB31004519A4 /* swift-闭包.app */;
			productType = "com.apple.product-type.application";
		};
/* End PBXNativeTarget section */

/* Begin PBXProject section */
		37388ED31EABAB31004519A4 /* Project object */ = {
			isa = PBXProject;
			attributes = {
				LastSwiftUpdateCheck = 0820;
				LastUpgradeCheck = 0820;
				ORGANIZATIONNAME = "田彬彬";
				TargetAttributes = {
					37388EDA1EABAB31004519A4 = {
						CreatedOnToolsVersion = 8.2.1;
						ProvisioningStyle = Automatic;
					};
				};
			};
			buildConfigurationList = 37388ED61EABAB31004519A4 /* Build configuration list for PBXProject "swift-闭包" */;
			compatibilityVersion = "Xcode 3.2";
			developmentRegion = English;
			hasScannedForEncodings = 0;
			knownRegions = (
				en,
				Base,
			);
			mainGroup = 37388ED21EABAB31004519A4;
			productRefGroup = 37388EDC1EABAB31004519A4 /* Products */;
			projectDirPath = "";
			projectRoot = "";
			targets = (
				37388EDA1EABAB31004519A4 /* swift-闭包 */,
			);
		};
/* End PBXProject section */

/* Begin PBXResourcesBuildPhase section */
		37388ED91EABAB31004519A4 /* Resources */ = {
			isa = PBXResourcesBuildPhase;
			buildActionMask = 2147483647;
			files = (
				37388EE91EABAB31004519A4 /* LaunchScreen.storyboard in Resources */,
				37388EE61EABAB31004519A4 /* Assets.xcassets in Resources */,
				37388EE41EABAB31004519A4 /* Main.storyboard in Resources */,
			);
			runOnlyForDeploymentPostprocessing = 0;
		};
/* End PBXResourcesBuildPhase section */

/* Begin PBXSourcesBuildPhase section */
		37388ED71EABAB31004519A4 /* Sources */ = {
			isa = PBXSourcesBuildPhase;
			buildActionMask = 2147483647;
			files = (
				37388EE11EABAB31004519A4 /* ViewController.swift in Sources */,
				37388EDF1EABAB31004519A4 /* AppDelegate.swift in Sources */,
			);
			runOnlyForDeploymentPostprocessing = 0;
		};
/* End PBXSourcesBuildPhase section */

/* Begin PBXVariantGroup section */
		37388EE21EABAB31004519A4 /* Main.storyboard */ = {
			isa = PBXVariantGroup;
			children = (
				37388EE31EABAB31004519A4 /* Base */,
			);
			name = Main.storyboard;
			sourceTree = "<group>";
		};
		37388EE71EABAB31004519A4 /* LaunchScreen.storyboard */ = {
			isa = PBXVariantGroup;
			children = (
				37388EE81EABAB31004519A4 /* Base */,
			);
			name = LaunchScreen.storyboard;
			sourceTree = "<group>";
		};
/* End PBXVariantGroup section */

/* Begin XCBuildConfiguration section */
		37388EEB1EABAB31004519A4 /* Debug */ = {
			isa = XCBuildConfiguration;
			buildSettings = {
				ALWAYS_SEARCH_USER_PATHS = NO;
				CLANG_ANALYZER_NONNULL = YES;
				CLANG_CXX_LANGUAGE_STANDARD = "gnu++0x";
				CLANG_CXX_LIBRARY = "libc++";
				CLANG_ENABLE_MODULES = YES;
				CLANG_ENABLE_OBJC_ARC = YES;
				CLANG_WARN_BOOL_CONVERSION = YES;
				CLANG_WARN_CONSTANT_CONVERSION = YES;
				CLANG_WARN_DIRECT_OBJC_ISA_USAGE = YES_ERROR;
				CLANG_WARN_DOCUMENTATION_COMMENTS = YES;
				CLANG_WARN_EMPTY_BODY = YES;
				CLANG_WARN_ENUM_CONVERSION = YES;
				CLANG_WARN_INFINITE_RECURSION = YES;
				CLANG_WARN_INT_CONVERSION = YES;
				CLANG_WARN_OBJC_ROOT_CLASS = YES_ERROR;
				CLANG_WARN_SUSPICIOUS_MOVE = YES;
				CLANG_WARN_UNREACHABLE_CODE = YES;
				CLANG_WARN__DUPLICATE_METHOD_MATCH = YES;
				"CODE_SIGN_IDENTITY[sdk=iphoneos*]" = "iPhone Developer";
				COPY_PHASE_STRIP = NO;
				DEBUG_INFORMATION_FORMAT = dwarf;
				ENABLE_STRICT_OBJC_MSGSEND = YES;
				ENABLE_TESTABILITY = YES;
				GCC_C_LANGUAGE_STANDARD = gnu99;
				GCC_DYNAMIC_NO_PIC = NO;
				GCC_NO_COMMON_BLOCKS = YES;
				GCC_OPTIMIZATION_LEVEL = 0;
				GCC_PREPROCESSOR_DEFINITIONS = (
					"DEBUG=1",
					"$(inherited)",
				);
				GCC_WARN_64_TO_32_BIT_CONVERSION = YES;
				GCC_WARN_ABOUT_RETURN_TYPE = YES_ERROR;
				GCC_WARN_UNDECLARED_SELECTOR = YES;
				GCC_WARN_UNINITIALIZED_AUTOS = YES_AGGRESSIVE;
				GCC_WARN_UNUSED_FUNCTION = YES;
				GCC_WARN_UNUSED_VARIABLE = YES;
				IPHONEOS_DEPLOYMENT_TARGET = 10.2;
				MTL_ENABLE_DEBUG_INFO = YES;
				ONLY_ACTIVE_ARCH = YES;
				SDKROOT = iphoneos;
				SWIFT_ACTIVE_COMPILATION_CONDITIONS = DEBUG;
				SWIFT_OPTIMIZATION_LEVEL = "-Onone";
			};
			name = Debug;
		};
		37388EEC1EABAB31004519A4 /* Release */ = {
			isa = XCBuildConfiguration;
			buildSettings = {
				ALWAYS_SEARCH_USER_PATHS = NO;
				CLANG_ANALYZER_NONNULL = YES;
				CLANG_CXX_LANGUAGE_STANDARD = "gnu++0x";
				CLANG_CXX_LIBRARY = "libc++";
				CLANG_ENABLE_MODULES = YES;
				CLANG_ENABLE_OBJC_ARC = YES;
				CLANG_WARN_BOOL_CONVERSION = YES;
				CLANG_WARN_CONSTANT_CONVERSION = YES;
				CLANG_WARN_DIRECT_OBJC_ISA_USAGE = YES_ERROR;
				CLANG_WARN_DOCUMENTATION_COMMENTS = YES;
				CLANG_WARN_EMPTY_BODY = YES;
				CLANG_WARN_ENUM_CONVERSION = YES;
				CLANG_WARN_INFINITE_RECURSION = YES;
				CLANG_WARN_INT_CONVERSION = YES;
				CLANG_WARN_OBJC_ROOT_CLASS = YES_ERROR;
				CLANG_WARN_SUSPICIOUS_MOVE = YES;
				CLANG_WARN_UNREACHABLE_CODE = YES;
				CLANG_WARN__DUPLICATE_METHOD_MATCH = YES;
				"CODE_SIGN_IDENTITY[sdk=iphoneos*]" = "iPhone Developer";
				COPY_PHASE_STRIP = NO;
				DEBUG_INFORMATION_FORMAT = "dwarf-with-dsym";
				ENABLE_NS_ASSERTIONS = NO;
				ENABLE_STRICT_OBJC_MSGSEND = YES;
				GCC_C_LANGUAGE_STANDARD = gnu99;
				GCC_NO_COMMON_BLOCKS = YES;
				GCC_WARN_64_TO_32_BIT_CONVERSION = YES;
				GCC_WARN_ABOUT_RETURN_TYPE = YES_ERROR;
				GCC_WARN_UNDECLARED_SELECTOR = YES;
				GCC_WARN_UNINITIALIZED_AUTOS = YES_AGGRESSIVE;
				GCC_WARN_UNUSED_FUNCTION = YES;
				GCC_WARN_UNUSED_VARIABLE = YES;
				IPHONEOS_DEPLOYMENT_TARGET = 10.2;
				MTL_ENABLE_DEBUG_INFO = NO;
				SDKROOT = iphoneos;
				SWIFT_OPTIMIZATION_LEVEL = "-Owholemodule";
				VALIDATE_PRODUCT = YES;
			};
			name = Release;
		};
		37388EEE1EABAB31004519A4 /* Debug */ = {
			isa = XCBuildConfiguration;
			buildSettings = {
				ASSETCATALOG_COMPILER_APPICON_NAME = AppIcon;
				INFOPLIST_FILE = "swift-闭包/Info.plist";
				LD_RUNPATH_SEARCH_PATHS = "$(inherited) @executable_path/Frameworks";
				PRODUCT_BUNDLE_IDENTIFIER = "com.kkeye.cn.swift---";
				PRODUCT_NAME = "$(TARGET_NAME)";
				SWIFT_VERSION = 3.0;
			};
			name = Debug;
		};
		37388EEF1EABAB31004519A4 /* Release */ = {
			isa = XCBuildConfiguration;
			buildSettings = {
				ASSETCATALOG_COMPILER_APPICON_NAME = AppIcon;
				INFOPLIST_FILE = "swift-闭包/Info.plist";
				LD_RUNPATH_SEARCH_PATHS = "$(inherited) @executable_path/Frameworks";
				PRODUCT_BUNDLE_IDENTIFIER = "com.kkeye.cn.swift---";
				PRODUCT_NAME = "$(TARGET_NAME)";
				SWIFT_VERSION = 3.0;
			};
			name = Release;
		};
/* End XCBuildConfiguration section */

/* Begin XCConfigurationList section */
		37388ED61EABAB31004519A4 /* Build configuration list for PBXProject "swift-闭包" */ = {
			isa = XCConfigurationList;
			buildConfigurations = (
				37388EEB1EABAB31004519A4 /* Debug */,
				37388EEC1EABAB31004519A4 /* Release */,
			);
			defaultConfigurationIsVisible = 0;
			defaultConfigurationName = Release;
		};
		37388EED1EABAB31004519A4 /* Build configuration list for PBXNativeTarget "swift-闭包" */ = {
			isa = XCConfigurationList;
			buildConfigurations = (
				37388EEE1EABAB31004519A4 /* Debug */,
				37388EEF1EABAB31004519A4 /* Release */,
			);
			defaultConfigurationIsVisible = 0;
		};
/* End XCConfigurationList section */
	};
	rootObject = 37388ED31EABAB31004519A4 /* Project object */;
}
